
Microsoft Visual Studio Solution File, Format Version 12.00
# Visual Studio 14
VisualStudioVersion = 14.0.25420.1
MinimumVisualStudioVersion = 10.0.40219.1
Project("{FAE04EC0-301F-11D3-BF4B-00C04F79EFBC}") = "UsingFsCheckWithNUnit3TestAdapter", "UsingFsCheckWithNUnit3TestAdapter\UsingFsCheckWithNUnit3TestAdapter.csproj", "{EE91A422-0B5E-4B54-9515-CC7741DC671E}"
EndProject
Project("{2150E333-8FDC-42A3-9474-1A3956D46DE8}") = "Solution Items", "Solution Items", "{A0EBA208-4ED8-4C2B-92D1-3EED393344C7}"
	ProjectSection(SolutionItems) = preProject
		paket.dependencies = paket.dependencies
	EndProjectSection
EndProject
Global
	GlobalSection(SolutionConfigurationPlatforms) = preSolution
		Debug|Any CPU = Debug|Any CPU
		Release|Any CPU = Release|Any CPU
	EndGlobalSection
	GlobalSection(ProjectConfigurationPlatforms) = postSolution
		{EE91A422-0B5E-4B54-9515-CC7741DC671E}.Debug|Any CPU.ActiveCfg = Debug|Any CPU
		{EE91A422-0B5E-4B54-9515-CC7741DC671E}.Debug|Any CPU.Build.0 = Debug|Any CPU
		{EE91A422-0B5E-4B54-9515-CC7741DC671E}.Release|Any CPU.ActiveCfg = Release|Any CPU
		{EE91A422-0B5E-4B54-9515-CC7741DC671E}.Release|Any CPU.Build.0 = Release|Any CPU
	EndGlobalSection
	GlobalSection(SolutionProperties) = preSolution
		HideSolutionNode = FALSE
	EndGlobalSection
EndGlobal
